// !$*UTF8*$!
{
	archiveVersion = 1;
	classes = {
	};
	objectVersion = 55;
	objects = {

/* Begin PBXBuildFile section */
		B0010001 /* PuffApp.swift in Sources */ = {isa = PBXBuildFile; fileRef = B0011001 /* PuffApp.swift */; };
		B0010002 /* ContentView.swift in Sources */ = {isa = PBXBuildFile; fileRef = B0011002 /* ContentView.swift */; };
		B0010003 /* PuffType.swift in Sources */ = {isa = PBXBuildFile; fileRef = B0011003 /* PuffType.swift */; };
		B0010004 /* PuffRecord.swift in Sources */ = {isa = PBXBuildFile; fileRef = B0011004 /* PuffRecord.swift */; };
		B0010005 /* StorageService.swift in Sources */ = {isa = PBXBuildFile; fileRef = B0011005 /* StorageService.swift */; };
		B0010006 /* AppState.swift in Sources */ = {isa = PBXBuildFile; fileRef = B0011006 /* AppState.swift */; };
		B0010007 /* RecordView.swift in Sources */ = {isa = PBXBuildFile; fileRef = B0011007 /* RecordView.swift */; };
		B0010008 /* CalendarView.swift in Sources */ = {isa = PBXBuildFile; fileRef = B0011008 /* CalendarView.swift */; };
		B0010009 /* DayDetailView.swift in Sources */ = {isa = PBXBuildFile; fileRef = B0011009 /* DayDetailView.swift */; };
		B001000A /* StatisticsView.swift in Sources */ = {isa = PBXBuildFile; fileRef = B001100A /* StatisticsView.swift */; };
		B001000B /* Assets.xcassets in Resources */ = {isa = PBXBuildFile; fileRef = B001100B /* Assets.xcassets */; };
		B001000C /* L10n.swift in Sources */ = {isa = PBXBuildFile; fileRef = B001100C /* L10n.swift */; };
		B001000D /* SubscriptionManager.swift in Sources */ = {isa = PBXBuildFile; fileRef = B001100D /* SubscriptionManager.swift */; };
		B001000E /* ReportPDFService.swift in Sources */ = {isa = PBXBuildFile; fileRef = B001100E /* ReportPDFService.swift */; };
		B001000F /* PaywallView.swift in Sources */ = {isa = PBXBuildFile; fileRef = B001100F /* PaywallView.swift */; };
		B0010010 /* PuffWidget.swift in Sources */ = {isa = PBXBuildFile; fileRef = B0011010 /* PuffWidget.swift */; };
		B0010011 /* RecordPuffIntent.swift in Sources */ = {isa = PBXBuildFile; fileRef = B0011011 /* RecordPuffIntent.swift */; };
		B0010012 /* PuffWidget.appex in Embed Foundation Extensions */ = {isa = PBXBuildFile; fileRef = B0012010 /* PuffWidget.appex */; settings = {ATTRIBUTES = (RemoveHeadersOnCopy, ); }; };
		B0010013 /* SettingsView.swift in Sources */ = {isa = PBXBuildFile; fileRef = B0011014 /* SettingsView.swift */; };
		B0010014 /* Assets.xcassets in Resources */ = {isa = PBXBuildFile; fileRef = B0011015 /* Assets.xcassets */; };
		B0013012 /* WidgetKit.framework in Frameworks */ = {isa = PBXBuildFile; fileRef = B0013013 /* WidgetKit.framework */; };
		B0013014 /* WidgetKit.framework in Frameworks */ = {isa = PBXBuildFile; fileRef = B0013013 /* WidgetKit.framework */; };
/* End PBXBuildFile section */

/* Begin PBXContainerItemProxy section */
		B0015020 /* PBXContainerItemProxy */ = {
			isa = PBXContainerItemProxy;
			containerPortal = B0016000 /* Project object */;
			proxyType = 1;
			remoteGlobalIDString = B0015010;
			remoteInfo = PuffWidget;
		};
/* End PBXContainerItemProxy section */

/* Begin PBXCopyFilesBuildPhase section */
		B0015003 /* Embed Foundation Extensions */ = {
			isa = PBXCopyFilesBuildPhase;
			buildActionMask = 2147483647;
			dstPath = "";
			dstSubfolderSpec = 13;
			files = (
				B0010012 /* PuffWidget.appex in Embed Foundation Extensions */,
			);
			name = "Embed Foundation Extensions";
			runOnlyForDeploymentPostprocessing = 0;
		};
/* End PBXCopyFilesBuildPhase section */

/* Begin PBXFileReference section */
		B0011001 /* PuffApp.swift */ = {isa = PBXFileReference; lastKnownFileType = sourcecode.swift; path = PuffApp.swift; sourceTree = "<group>"; };
		B0011002 /* ContentView.swift */ = {isa = PBXFileReference; lastKnownFileType = sourcecode.swift; path = ContentView.swift; sourceTree = "<group>"; };
		B0011003 /* PuffType.swift */ = {isa = PBXFileReference; lastKnownFileType = sourcecode.swift; path = PuffType.swift; sourceTree = "<group>"; };
		B0011004 /* PuffRecord.swift */ = {isa = PBXFileReference; lastKnownFileType = sourcecode.swift; path = PuffRecord.swift; sourceTree = "<group>"; };
		B0011005 /* StorageService.swift */ = {isa = PBXFileReference; lastKnownFileType = sourcecode.swift; path = StorageService.swift; sourceTree = "<group>"; };
		B0011006 /* AppState.swift */ = {isa = PBXFileReference; lastKnownFileType = sourcecode.swift; path = AppState.swift; sourceTree = "<group>"; };
		B0011007 /* RecordView.swift */ = {isa = PBXFileReference; lastKnownFileType = sourcecode.swift; path = RecordView.swift; sourceTree = "<group>"; };
		B0011008 /* CalendarView.swift */ = {isa = PBXFileReference; lastKnownFileType = sourcecode.swift; path = CalendarView.swift; sourceTree = "<group>"; };
		B0011009 /* DayDetailView.swift */ = {isa = PBXFileReference; lastKnownFileType = sourcecode.swift; path = DayDetailView.swift; sourceTree = "<group>"; };
		B001100A /* StatisticsView.swift */ = {isa = PBXFileReference; lastKnownFileType = sourcecode.swift; path = StatisticsView.swift; sourceTree = "<group>"; };
		B001100B /* Assets.xcassets */ = {isa = PBXFileReference; lastKnownFileType = folder.assetcatalog; path = Assets.xcassets; sourceTree = "<group>"; };
		B001100C /* L10n.swift */ = {isa = PBXFileReference; lastKnownFileType = sourcecode.swift; path = L10n.swift; sourceTree = "<group>"; };
		B001100D /* SubscriptionManager.swift */ = {isa = PBXFileReference; lastKnownFileType = sourcecode.swift; path = SubscriptionManager.swift; sourceTree = "<group>"; };
		B001100E /* ReportPDFService.swift */ = {isa = PBXFileReference; lastKnownFileType = sourcecode.swift; path = ReportPDFService.swift; sourceTree = "<group>"; };
		B001100F /* PaywallView.swift */ = {isa = PBXFileReference; lastKnownFileType = sourcecode.swift; path = PaywallView.swift; sourceTree = "<group>"; };
		B0011010 /* PuffWidget.swift */ = {isa = PBXFileReference; lastKnownFileType = sourcecode.swift; path = PuffWidget.swift; sourceTree = "<group>"; };
		B0011011 /* RecordPuffIntent.swift */ = {isa = PBXFileReference; lastKnownFileType = sourcecode.swift; path = RecordPuffIntent.swift; sourceTree = "<group>"; };
		B0011012 /* Info.plist */ = {isa = PBXFileReference; lastKnownFileType = text.plist.xml; path = Info.plist; sourceTree = "<group>"; };
		B0011013 /* PuffWidget.entitlements */ = {isa = PBXFileReference; lastKnownFileType = text.plist.entitlements; path = PuffWidget.entitlements; sourceTree = "<group>"; };
		B0011014 /* SettingsView.swift */ = {isa = PBXFileReference; lastKnownFileType = sourcecode.swift; path = SettingsView.swift; sourceTree = "<group>"; };
		B0011015 /* Assets.xcassets */ = {isa = PBXFileReference; lastKnownFileType = folder.assetcatalog; path = Assets.xcassets; sourceTree = "<group>"; };
		B0012000 /* Puff.app */ = {isa = PBXFileReference; explicitFileType = wrapper.application; includeInIndex = 0; path = Puff.app; sourceTree = BUILT_PRODUCTS_DIR; };
		B0012010 /* PuffWidget.appex */ = {isa = PBXFileReference; explicitFileType = "wrapper.app-extension"; includeInIndex = 0; path = PuffWidget.appex; sourceTree = BUILT_PRODUCTS_DIR; };
		B0013013 /* WidgetKit.framework */ = {isa = PBXFileReference; lastKnownFileType = wrapper.framework; name = WidgetKit.framework; path = System/Library/Frameworks/WidgetKit.framework; sourceTree = SDKROOT; };
/* End PBXFileReference section */

/* Begin PBXFrameworksBuildPhase section */
		B0013001 /* Frameworks */ = {
			isa = PBXFrameworksBuildPhase;
			buildActionMask = 2147483647;
			files = (
				B0013014 /* WidgetKit.framework in Frameworks */,
			);
			runOnlyForDeploymentPostprocessing = 0;
		};
		B0013010 /* Frameworks */ = {
			isa = PBXFrameworksBuildPhase;
			buildActionMask = 2147483647;
			files = (
				B0013012 /* WidgetKit.framework in Frameworks */,
			);
			runOnlyForDeploymentPostprocessing = 0;
		};
/* End PBXFrameworksBuildPhase section */

/* Begin PBXGroup section */
		189D67512F586816002138F8 /* Recovered References */ = {
			isa = PBXGroup;
			children = (
				B0013013 /* WidgetKit.framework */,
			);
			name = "Recovered References";
			sourceTree = "<group>";
		};
		B0014000 = {
			isa = PBXGroup;
			children = (
				B0014001 /* Puff */,
				B0014007 /* PuffWidget */,
				B0014002 /* Products */,
				189D67512F586816002138F8 /* Recovered References */,
			);
			sourceTree = "<group>";
		};
		B0014001 /* Puff */ = {
			isa = PBXGroup;
			children = (
				B0011001 /* PuffApp.swift */,
				B0011002 /* ContentView.swift */,
				B0014003 /* Models */,
				B0014004 /* Services */,
				B0014005 /* ViewModels */,
				B0014006 /* Views */,
				B001100B /* Assets.xcassets */,
			);
			path = Puff;
			sourceTree = "<group>";
		};
		B0014002 /* Products */ = {
			isa = PBXGroup;
			children = (
				B0012000 /* Puff.app */,
				B0012010 /* PuffWidget.appex */,
			);
			name = Products;
			sourceTree = "<group>";
		};
		B0014003 /* Models */ = {
			isa = PBXGroup;
			children = (
				B0011003 /* PuffType.swift */,
				B0011004 /* PuffRecord.swift */,
			);
			path = Models;
			sourceTree = "<group>";
		};
		B0014004 /* Services */ = {
			isa = PBXGroup;
			children = (
				B0011005 /* StorageService.swift */,
				B001100C /* L10n.swift */,
				B001100D /* SubscriptionManager.swift */,
				B001100E /* ReportPDFService.swift */,
			);
			path = Services;
			sourceTree = "<group>";
		};
		B0014005 /* ViewModels */ = {
			isa = PBXGroup;
			children = (
				B0011006 /* AppState.swift */,
			);
			path = ViewModels;
			sourceTree = "<group>";
		};
		B0014006 /* Views */ = {
			isa = PBXGroup;
			children = (
				B0011007 /* RecordView.swift */,
				B0011008 /* CalendarView.swift */,
				B0011009 /* DayDetailView.swift */,
				B001100A /* StatisticsView.swift */,
				B001100F /* PaywallView.swift */,
				B0011014 /* SettingsView.swift */,
			);
			path = Views;
			sourceTree = "<group>";
		};
		B0014007 /* PuffWidget */ = {
			isa = PBXGroup;
			children = (
				B0011010 /* PuffWidget.swift */,
				B0011011 /* RecordPuffIntent.swift */,
				B0011015 /* Assets.xcassets */,
				B0011012 /* Info.plist */,
				B0011013 /* PuffWidget.entitlements */,
			);
			path = PuffWidget;
			sourceTree = "<group>";
		};
/* End PBXGroup section */

/* Begin PBXNativeTarget section */
		B0015000 /* Puff */ = {
			isa = PBXNativeTarget;
			buildConfigurationList = B0016002 /* Build configuration list for PBXNativeTarget "Puff" */;
			buildPhases = (
				B0015001 /* Sources */,
				B0013001 /* Frameworks */,
				B0015002 /* Resources */,
				B0015003 /* Embed Foundation Extensions */,
			);
			buildRules = (
			);
			dependencies = (
				B0015004 /* PBXTargetDependency */,
			);
			name = Puff;
			productName = Puff;
			productReference = B0012000 /* Puff.app */;
			productType = "com.apple.product-type.application";
		};
		B0015010 /* PuffWidget */ = {
			isa = PBXNativeTarget;
			buildConfigurationList = B0016010 /* Build configuration list for PBXNativeTarget "PuffWidget" */;
			buildPhases = (
				B0015011 /* Sources */,
				B0013010 /* Frameworks */,
				B0015012 /* Resources */,
			);
			buildRules = (
			);
			dependencies = (
			);
			name = PuffWidget;
			productName = PuffWidget;
			productReference = B0012010 /* PuffWidget.appex */;
			productType = "com.apple.product-type.app-extension";
		};
/* End PBXNativeTarget section */

/* Begin PBXProject section */
		B0016000 /* Project object */ = {
			isa = PBXProject;
			attributes = {
				BuildIndependentTargetsInParallel = 1;
				LastSwiftUpdateCheck = 1500;
				LastUpgradeCheck = 1500;
				TargetAttributes = {
					B0015000 = {
						CreatedOnToolsVersion = 15.0;
					};
				};
			};
			buildConfigurationList = B0016001 /* Build configuration list for PBXProject "Puff" */;
			compatibilityVersion = "Xcode 13.0";
			developmentRegion = "zh-Hans";
			hasScannedForEncodings = 0;
			knownRegions = (
				en,
				Base,
				"zh-Hans",
			);
			mainGroup = B0014000;
			productRefGroup = B0014002 /* Products */;
			projectDirPath = "";
			projectRoot = "";
			targets = (
				B0015000 /* Puff */,
				B0015010 /* PuffWidget */,
			);
		};
/* End PBXProject section */

/* Begin PBXResourcesBuildPhase section */
		B0015002 /* Resources */ = {
			isa = PBXResourcesBuildPhase;
			buildActionMask = 2147483647;
			files = (
				B001000B /* Assets.xcassets in Resources */,
			);
			runOnlyForDeploymentPostprocessing = 0;
		};
		B0015012 /* Resources */ = {
			isa = PBXResourcesBuildPhase;
			buildActionMask = 2147483647;
			files = (
				B0010014 /* Assets.xcassets in Resources */,
			);
			runOnlyForDeploymentPostprocessing = 0;
		};
/* End PBXResourcesBuildPhase section */

/* Begin PBXSourcesBuildPhase section */
		B0015001 /* Sources */ = {
			isa = PBXSourcesBuildPhase;
			buildActionMask = 2147483647;
			files = (
				B0010001 /* PuffApp.swift in Sources */,
				B0010002 /* ContentView.swift in Sources */,
				B0010003 /* PuffType.swift in Sources */,
				B0010004 /* PuffRecord.swift in Sources */,
				B0010005 /* StorageService.swift in Sources */,
				B0010006 /* AppState.swift in Sources */,
				B0010007 /* RecordView.swift in Sources */,
				B0010008 /* CalendarView.swift in Sources */,
				B0010009 /* DayDetailView.swift in Sources */,
				B001000A /* StatisticsView.swift in Sources */,
				B001000C /* L10n.swift in Sources */,
				B001000D /* SubscriptionManager.swift in Sources */,
				B001000E /* ReportPDFService.swift in Sources */,
				B001000F /* PaywallView.swift in Sources */,
				B0010013 /* SettingsView.swift in Sources */,
			);
			runOnlyForDeploymentPostprocessing = 0;
		};
		B0015011 /* Sources */ = {
			isa = PBXSourcesBuildPhase;
			buildActionMask = 2147483647;
			files = (
				B0010010 /* PuffWidget.swift in Sources */,
				B0010011 /* RecordPuffIntent.swift in Sources */,
			);
			runOnlyForDeploymentPostprocessing = 0;
		};
/* End PBXSourcesBuildPhase section */

/* Begin PBXTargetDependency section */
		B0015004 /* PBXTargetDependency */ = {
			isa = PBXTargetDependency;
			target = B0015010 /* PuffWidget */;
			targetProxy = B0015020 /* PBXContainerItemProxy */;
		};
/* End PBXTargetDependency section */

/* Begin XCBuildConfiguration section */
		B0017001 /* Debug */ = {
			isa = XCBuildConfiguration;
			buildSettings = {
				ALWAYS_SEARCH_USER_PATHS = NO;
				ASSETCATALOG_COMPILER_GENERATE_SWIFT_ASSET_SYMBOL_EXTENSIONS = YES;
				CLANG_ANALYZER_NONNULL = YES;
				CLANG_ANALYZER_NUMBER_OBJECT_CONVERSION = YES_AGGRESSIVE;
				CLANG_CXX_LANGUAGE_STANDARD = "gnu++20";
				CLANG_ENABLE_MODULES = YES;
				CLANG_ENABLE_OBJC_ARC = YES;
				CLANG_ENABLE_OBJC_WEAK = YES;
				CLANG_WARN_BLOCK_CAPTURE_AUTORELEASING = YES;
				CLANG_WARN_BOOL_CONVERSION = YES;
				CLANG_WARN_COMMA = YES;
				CLANG_WARN_CONSTANT_CONVERSION = YES;
				CLANG_WARN_DEPRECATED_OBJC_IMPLEMENTATIONS = YES;
				CLANG_WARN_DIRECT_OBJC_ISA_USAGE = YES_ERROR;
				CLANG_WARN_DOCUMENTATION_COMMENTS = YES;
				CLANG_WARN_EMPTY_BODY = YES;
				CLANG_WARN_ENUM_CONVERSION = YES;
				CLANG_WARN_INFINITE_RECURSION = YES;
				CLANG_WARN_INT_CONVERSION = YES;
				CLANG_WARN_NON_LITERAL_NULL_CONVERSION = YES;
				CLANG_WARN_OBJC_IMPLICIT_RETAIN_SELF = YES;
				CLANG_WARN_OBJC_LITERAL_CONVERSION = YES;
				CLANG_WARN_OBJC_ROOT_CLASS = YES_ERROR;
				CLANG_WARN_QUOTED_INCLUDE_IN_FRAMEWORK_HEADER = YES;
				CLANG_WARN_RANGE_LOOP_ANALYSIS = YES;
				CLANG_WARN_STRICT_PROTOTYPES = YES;
				CLANG_WARN_SUSPICIOUS_MOVE = YES;
				CLANG_WARN_UNGUARDED_AVAILABILITY = YES_AGGRESSIVE;
				CLANG_WARN_UNREACHABLE_CODE = YES;
				CLANG_WARN__DUPLICATE_METHOD_MATCH = YES;
				COPY_PHASE_STRIP = NO;
				DEBUG_INFORMATION_FORMAT = dwarf;
				ENABLE_STRICT_OBJC_MSGSEND = YES;
				ENABLE_TESTABILITY = YES;
				ENABLE_USER_SCRIPT_SANDBOXING = YES;
				GCC_C_LANGUAGE_STANDARD = gnu17;
				GCC_DYNAMIC_NO_PIC = NO;
				GCC_NO_COMMON_BLOCKS = YES;
				GCC_OPTIMIZATION_LEVEL = 0;
				GCC_PREPROCESSOR_DEFINITIONS = (
					"DEBUG=1",
					"$(inherited)",
				);
				GCC_WARN_64_TO_32_BIT_CONVERSION = YES;
				GCC_WARN_ABOUT_RETURN_TYPE = YES_ERROR;
				GCC_WARN_UNDECLARED_SELECTOR = YES;
				GCC_WARN_UNINITIALIZED_AUTOS = YES_AGGRESSIVE;
				GCC_WARN_UNUSED_FUNCTION = YES;
				GCC_WARN_UNUSED_VARIABLE = YES;
				LOCALIZATION_PREFERS_STRING_CATALOGS = YES;
				MTL_ENABLE_DEBUG_INFO = INCLUDE_SOURCE;
				MTL_FAST_MATH = YES;
				ONLY_ACTIVE_ARCH = YES;
				SWIFT_ACTIVE_COMPILATION_CONDITIONS = "DEBUG $(inherited)";
				SWIFT_OPTIMIZATION_LEVEL = "-Onone";
			};
			name = Debug;
		};
		B0017002 /* Release */ = {
			isa = XCBuildConfiguration;
			buildSettings = {
				ALWAYS_SEARCH_USER_PATHS = NO;
				ASSETCATALOG_COMPILER_GENERATE_SWIFT_ASSET_SYMBOL_EXTENSIONS = YES;
				CLANG_ANALYZER_NONNULL = YES;
				CLANG_ANALYZER_NUMBER_OBJECT_CONVERSION = YES_AGGRESSIVE;
				CLANG_CXX_LANGUAGE_STANDARD = "gnu++20";
				CLANG_ENABLE_MODULES = YES;
				CLANG_ENABLE_OBJC_ARC = YES;
				CLANG_ENABLE_OBJC_WEAK = YES;
				CLANG_WARN_BLOCK_CAPTURE_AUTORELEASING = YES;
				CLANG_WARN_BOOL_CONVERSION = YES;
				CLANG_WARN_COMMA = YES;
				CLANG_WARN_CONSTANT_CONVERSION = YES;
				CLANG_WARN_DEPRECATED_OBJC_IMPLEMENTATIONS = YES;
				CLANG_WARN_DIRECT_OBJC_ISA_USAGE = YES_ERROR;
				CLANG_WARN_DOCUMENTATION_COMMENTS = YES;
				CLANG_WARN_EMPTY_BODY = YES;
				CLANG_WARN_ENUM_CONVERSION = YES;
				CLANG_WARN_INFINITE_RECURSION = YES;
				CLANG_WARN_INT_CONVERSION = YES;
				CLANG_WARN_NON_LITERAL_NULL_CONVERSION = YES;
				CLANG_WARN_OBJC_IMPLICIT_RETAIN_SELF = YES;
				CLANG_WARN_OBJC_LITERAL_CONVERSION = YES;
				CLANG_WARN_OBJC_ROOT_CLASS = YES_ERROR;
				CLANG_WARN_QUOTED_INCLUDE_IN_FRAMEWORK_HEADER = YES;
				CLANG_WARN_RANGE_LOOP_ANALYSIS = YES;
				CLANG_WARN_STRICT_PROTOTYPES = YES;
				CLANG_WARN_SUSPICIOUS_MOVE = YES;
				CLANG_WARN_UNGUARDED_AVAILABILITY = YES_AGGRESSIVE;
				CLANG_WARN_UNREACHABLE_CODE = YES;
				CLANG_WARN__DUPLICATE_METHOD_MATCH = YES;
				COPY_PHASE_STRIP = NO;
				DEBUG_INFORMATION_FORMAT = "dwarf-with-dsym";
				ENABLE_NS_ASSERTIONS = NO;
				ENABLE_STRICT_OBJC_MSGSEND = YES;
				ENABLE_USER_SCRIPT_SANDBOXING = YES;
				GCC_C_LANGUAGE_STANDARD = gnu17;
				GCC_NO_COMMON_BLOCKS = YES;
				GCC_WARN_64_TO_32_BIT_CONVERSION = YES;
				GCC_WARN_ABOUT_RETURN_TYPE = YES_ERROR;
				GCC_WARN_UNDECLARED_SELECTOR = YES;
				GCC_WARN_UNINITIALIZED_AUTOS = YES_AGGRESSIVE;
				GCC_WARN_UNUSED_FUNCTION = YES;
				GCC_WARN_UNUSED_VARIABLE = YES;
				LOCALIZATION_PREFERS_STRING_CATALOGS = YES;
				MTL_ENABLE_DEBUG_INFO = NO;
				MTL_FAST_MATH = YES;
				SWIFT_COMPILATION_MODE = wholemodule;
			};
			name = Release;
		};
		B0017003 /* Debug */ = {
			isa = XCBuildConfiguration;
			buildSettings = {
				ASSETCATALOG_COMPILER_APPICON_NAME = AppIcon;
				ASSETCATALOG_COMPILER_GLOBAL_ACCENT_COLOR_NAME = AccentColor;
				CODE_SIGN_ENTITLEMENTS = Puff/Puff.entitlements;
				CODE_SIGN_STYLE = Automatic;
				CURRENT_PROJECT_VERSION = 1;
				DEVELOPMENT_ASSET_PATHS = "";
				DEVELOPMENT_TEAM = ZU5BKQ72X5;
				ENABLE_PREVIEWS = YES;
				GENERATE_INFOPLIST_FILE = NO;
				INFOPLIST_FILE = Puff/Info.plist;
				INFOPLIST_KEY_UIApplicationSceneManifest_Generation = YES;
				INFOPLIST_KEY_UIApplicationSupportsIndirectInputEvents = YES;
				INFOPLIST_KEY_UILaunchScreen_Generation = YES;
				INFOPLIST_KEY_UISupportedInterfaceOrientations_iPad = "UIInterfaceOrientationPortrait UIInterfaceOrientationPortraitUpsideDown UIInterfaceOrientationLandscapeLeft UIInterfaceOrientationLandscapeRight";
				INFOPLIST_KEY_UISupportedInterfaceOrientations_iPhone = "UIInterfaceOrientationPortrait UIInterfaceOrientationLandscapeLeft UIInterfaceOrientationLandscapeRight";
				IPHONEOS_DEPLOYMENT_TARGET = 15.0;
				LD_RUNPATH_SEARCH_PATHS = (
					"$(inherited)",
					"@executable_path/Frameworks",
				);
				MARKETING_VERSION = 1.0;
				PRODUCT_BUNDLE_IDENTIFIER = com.puff.app;
				PRODUCT_NAME = "$(TARGET_NAME)";
				SUPPORTED_PLATFORMS = "iphoneos iphonesimulator";
				SUPPORTS_MACCATALYST = NO;
				SWIFT_EMIT_LOC_STRINGS = YES;
				SWIFT_STRICT_CONCURRENCY = minimal;
				SWIFT_VERSION = 5.0;
				TARGETED_DEVICE_FAMILY = 1;
			};
			name = Debug;
		};
		B0017004 /* Release */ = {
			isa = XCBuildConfiguration;
			buildSettings = {
				ASSETCATALOG_COMPILER_APPICON_NAME = AppIcon;
				ASSETCATALOG_COMPILER_GLOBAL_ACCENT_COLOR_NAME = AccentColor;
				CODE_SIGN_ENTITLEMENTS = Puff/Puff.entitlements;
				CODE_SIGN_STYLE = Automatic;
				CURRENT_PROJECT_VERSION = 1;
				DEVELOPMENT_ASSET_PATHS = "";
				DEVELOPMENT_TEAM = ZU5BKQ72X5;
				ENABLE_PREVIEWS = YES;
				GENERATE_INFOPLIST_FILE = NO;
				INFOPLIST_FILE = Puff/Info.plist;
				INFOPLIST_KEY_UIApplicationSceneManifest_Generation = YES;
				INFOPLIST_KEY_UIApplicationSupportsIndirectInputEvents = YES;
				INFOPLIST_KEY_UILaunchScreen_Generation = YES;
				INFOPLIST_KEY_UISupportedInterfaceOrientations_iPad = "UIInterfaceOrientationPortrait UIInterfaceOrientationPortraitUpsideDown UIInterfaceOrientationLandscapeLeft UIInterfaceOrientationLandscapeRight";
				INFOPLIST_KEY_UISupportedInterfaceOrientations_iPhone = "UIInterfaceOrientationPortrait UIInterfaceOrientationLandscapeLeft UIInterfaceOrientationLandscapeRight";
				IPHONEOS_DEPLOYMENT_TARGET = 15.0;
				LD_RUNPATH_SEARCH_PATHS = (
					"$(inherited)",
					"@executable_path/Frameworks",
				);
				MARKETING_VERSION = 1.0;
				PRODUCT_BUNDLE_IDENTIFIER = com.puff.app;
				PRODUCT_NAME = "$(TARGET_NAME)";
				SUPPORTED_PLATFORMS = "iphoneos iphonesimulator";
				SUPPORTS_MACCATALYST = NO;
				SWIFT_EMIT_LOC_STRINGS = YES;
				SWIFT_STRICT_CONCURRENCY = minimal;
				SWIFT_VERSION = 5.0;
				TARGETED_DEVICE_FAMILY = 1;
			};
			name = Release;
		};
		B0017010 /* Debug */ = {
			isa = XCBuildConfiguration;
			buildSettings = {
				CODE_SIGN_ENTITLEMENTS = PuffWidget/PuffWidget.entitlements;
				CODE_SIGN_STYLE = Automatic;
				CURRENT_PROJECT_VERSION = 1;
				DEVELOPMENT_TEAM = ZU5BKQ72X5;
				GENERATE_INFOPLIST_FILE = NO;
				INFOPLIST_FILE = PuffWidget/Info.plist;
				IPHONEOS_DEPLOYMENT_TARGET = 15.0;
				LD_RUNPATH_SEARCH_PATHS = (
					"$(inherited)",
					"@executable_path/Frameworks",
					"@executable_path/../../Frameworks",
				);
				MARKETING_VERSION = 1.0;
				PRODUCT_BUNDLE_IDENTIFIER = com.puff.app.PuffWidget;
				PRODUCT_NAME = "$(TARGET_NAME)";
				SKIP_INSTALL = YES;
				SUPPORTED_PLATFORMS = "iphoneos iphonesimulator";
				SWIFT_EMIT_LOC_STRINGS = YES;
				SWIFT_VERSION = 5.0;
				TARGETED_DEVICE_FAMILY = "1,2";
			};
			name = Debug;
		};
		B0017011 /* Release */ = {
			isa = XCBuildConfiguration;
			buildSettings = {
				CODE_SIGN_ENTITLEMENTS = PuffWidget/PuffWidget.entitlements;
				CODE_SIGN_STYLE = Automatic;
				CURRENT_PROJECT_VERSION = 1;
				DEVELOPMENT_TEAM = ZU5BKQ72X5;
				GENERATE_INFOPLIST_FILE = NO;
				INFOPLIST_FILE = PuffWidget/Info.plist;
				IPHONEOS_DEPLOYMENT_TARGET = 15.0;
				LD_RUNPATH_SEARCH_PATHS = (
					"$(inherited)",
					"@executable_path/Frameworks",
					"@executable_path/../../Frameworks",
				);
				MARKETING_VERSION = 1.0;
				PRODUCT_BUNDLE_IDENTIFIER = com.puff.app.PuffWidget;
				PRODUCT_NAME = "$(TARGET_NAME)";
				SKIP_INSTALL = YES;
				SUPPORTED_PLATFORMS = "iphoneos iphonesimulator";
				SWIFT_EMIT_LOC_STRINGS = YES;
				SWIFT_VERSION = 5.0;
				TARGETED_DEVICE_FAMILY = "1,2";
			};
			name = Release;
		};
/* End XCBuildConfiguration section */

/* Begin XCConfigurationList section */
		B0016001 /* Build configuration list for PBXProject "Puff" */ = {
			isa = XCConfigurationList;
			buildConfigurations = (
				B0017001 /* Debug */,
				B0017002 /* Release */,
			);
			defaultConfigurationIsVisible = 0;
			defaultConfigurationName = Release;
		};
		B0016002 /* Build configuration list for PBXNativeTarget "Puff" */ = {
			isa = XCConfigurationList;
			buildConfigurations = (
				B0017003 /* Debug */,
				B0017004 /* Release */,
			);
			defaultConfigurationIsVisible = 0;
			defaultConfigurationName = Release;
		};
		B0016010 /* Build configuration list for PBXNativeTarget "PuffWidget" */ = {
			isa = XCConfigurationList;
			buildConfigurations = (
				B0017010 /* Debug */,
				B0017011 /* Release */,
			);
			defaultConfigurationIsVisible = 0;
			defaultConfigurationName = Release;
		};
/* End XCConfigurationList section */
	};
	rootObject = B0016000 /* Project object */;
}
